{
  "requires": true,
  "lockfileVersion": 1,
  "dependencies": {
    "pushwoosh-pgb-plugin": {
      "version": "7.13.0",
      "resolved": "https://registry.npmjs.org/pushwoosh-pgb-plugin/-/pushwoosh-pgb-plugin-7.13.0.tgz",
      "integrity": "sha512-65K3VIx1vFQZESv5b3jSinQgwDi/Q/w1AM0Fz0GpfL1OEFaInZUhafyL37tH+EoAzoFdJajzrssrbSaGPhSnzA=="
    }
  }
}
